
Microsoft Visual Studio Solution File, Format Version 12.00
# Visual Studio Version 16
VisualStudioVersion = 16.0.30907.101
MinimumVisualStudioVersion = 10.0.40219.1
Project("{FAE04EC0-301F-11D3-BF4B-00C04F79EFBC}") = "Corellia", "Corellia\Corellia.csproj", "{46223ADC-DAD0-4D7C-A369-BC50079F3887}"
EndProject
Global
	GlobalSection(SolutionConfigurationPlatforms) = preSolution
		Debug|Any CPU = Debug|Any CPU
		Release|Any CPU = Release|Any CPU
	EndGlobalSection
	GlobalSection(ProjectConfigurationPlatforms) = postSolution
		{46223ADC-DAD0-4D7C-A369-BC50079F3887}.Debug|Any CPU.ActiveCfg = Debug|Any CPU
		{46223ADC-DAD0-4D7C-A369-BC50079F3887}.Debug|Any CPU.Build.0 = Debug|Any CPU
		{46223ADC-DAD0-4D7C-A369-BC50079F3887}.Release|Any CPU.ActiveCfg = Release|Any CPU
		{46223ADC-DAD0-4D7C-A369-BC50079F3887}.Release|Any CPU.Build.0 = Release|Any CPU
	EndGlobalSection
	GlobalSection(SolutionProperties) = preSolution
		HideSolutionNode = FALSE
	EndGlobalSection
	GlobalSection(ExtensibilityGlobals) = postSolution
		SolutionGuid = {2EFD618B-8048-41AE-B4A4-3A39BCE8D97A}
	EndGlobalSection
EndGlobal
